
Microsoft Visual Studio Solution File, Format Version 12.00
# Visual Studio 15
VisualStudioVersion = 15.0.28307.779
MinimumVisualStudioVersion = 10.0.40219.1
Project("{FAE04EC0-301F-11D3-BF4B-00C04F79EFBC}") = "Entidades", "Entidades\Entidades.csproj", "{4022DF5B-C2F7-43A1-AC24-A323CFF70786}"
EndProject
Project("{FAE04EC0-301F-11D3-BF4B-00C04F79EFBC}") = "Test Calculadora", "Test Calculadora\Test Calculadora.csproj", "{4C743AE7-95E7-4D51-A59D-04D70C445CF2}"
EndProject
Project("{FAE04EC0-301F-11D3-BF4B-00C04F79EFBC}") = "MiCalculadora", "MiCalculadora\MiCalculadora.csproj", "{99B05D59-4EBD-4625-9630-5F9825903351}"
EndProject
Global
	GlobalSection(SolutionConfigurationPlatforms) = preSolution
		Debug|Any CPU = Debug|Any CPU
		Release|Any CPU = Release|Any CPU
	EndGlobalSection
	GlobalSection(ProjectConfigurationPlatforms) = postSolution
		{4022DF5B-C2F7-43A1-AC24-A323CFF70786}.Debug|Any CPU.ActiveCfg = Debug|Any CPU
		{4022DF5B-C2F7-43A1-AC24-A323CFF70786}.Debug|Any CPU.Build.0 = Debug|Any CPU
		{4022DF5B-C2F7-43A1-AC24-A323CFF70786}.Release|Any CPU.ActiveCfg = Release|Any CPU
		{4022DF5B-C2F7-43A1-AC24-A323CFF70786}.Release|Any CPU.Build.0 = Release|Any CPU
		{4C743AE7-95E7-4D51-A59D-04D70C445CF2}.Debug|Any CPU.ActiveCfg = Debug|Any CPU
		{4C743AE7-95E7-4D51-A59D-04D70C445CF2}.Debug|Any CPU.Build.0 = Debug|Any CPU
		{4C743AE7-95E7-4D51-A59D-04D70C445CF2}.Release|Any CPU.ActiveCfg = Release|Any CPU
		{4C743AE7-95E7-4D51-A59D-04D70C445CF2}.Release|Any CPU.Build.0 = Release|Any CPU
		{99B05D59-4EBD-4625-9630-5F9825903351}.Debug|Any CPU.ActiveCfg = Debug|Any CPU
		{99B05D59-4EBD-4625-9630-5F9825903351}.Debug|Any CPU.Build.0 = Debug|Any CPU
		{99B05D59-4EBD-4625-9630-5F9825903351}.Release|Any CPU.ActiveCfg = Release|Any CPU
		{99B05D59-4EBD-4625-9630-5F9825903351}.Release|Any CPU.Build.0 = Release|Any CPU
	EndGlobalSection
	GlobalSection(SolutionProperties) = preSolution
		HideSolutionNode = FALSE
	EndGlobalSection
	GlobalSection(ExtensibilityGlobals) = postSolution
		SolutionGuid = {E3AAE08C-8DA9-4C71-9A63-3B7AB2876A56}
	EndGlobalSection
EndGlobal
